{
  "name": "feenicia-node",
  "version": "0.1.0",
  "lockfileVersion": 1,
  "requires": true,
  "dependencies": {
    "aes-js": {
      "version": "3.1.1",
      "resolved": "https://registry.npmjs.org/aes-js/-/aes-js-3.1.1.tgz",
      "integrity": "sha512-cEA0gBelItZZV7iBiL8ApCiNgc+gBWJJ4uoORhbu6vOqAJ0UL9wIlxr4RI7ij9SSVzy6AnPwiu37kVYiHCl3nw=="
    },
    "crypto-js": {
      "version": "3.1.9-1",
      "resolved": "https://registry.npmjs.org/crypto-js/-/crypto-js-3.1.9-1.tgz",
      "integrity": "sha1-/aGedh/Ad+Af+/3G6f38WeiAbNg="
    }
  }
}
